
Microsoft Visual Studio Solution File, Format Version 12.00
# Visual Studio Version 17
VisualStudioVersion = 17.8.34525.116
MinimumVisualStudioVersion = 10.0.40219.1
Project("{FAE04EC0-301F-11D3-BF4B-00C04F79EFBC}") = "TSI_ERP_ETL", "TSI_ERP_ETL.csproj", "{FE312B53-DDD5-48D1-BE86-4EF2228F47FD}"
EndProject
Global
	GlobalSection(SolutionConfigurationPlatforms) = preSolution
		Debug|Any CPU = Debug|Any CPU
		Release|Any CPU = Release|Any CPU
	EndGlobalSection
	GlobalSection(ProjectConfigurationPlatforms) = postSolution
		{FE312B53-DDD5-48D1-BE86-4EF2228F47FD}.Debug|Any CPU.ActiveCfg = Debug|Any CPU
		{FE312B53-DDD5-48D1-BE86-4EF2228F47FD}.Debug|Any CPU.Build.0 = Debug|Any CPU
		{FE312B53-DDD5-48D1-BE86-4EF2228F47FD}.Release|Any CPU.ActiveCfg = Release|Any CPU
		{FE312B53-DDD5-48D1-BE86-4EF2228F47FD}.Release|Any CPU.Build.0 = Release|Any CPU
	EndGlobalSection
	GlobalSection(SolutionProperties) = preSolution
		HideSolutionNode = FALSE
	EndGlobalSection
	GlobalSection(ExtensibilityGlobals) = postSolution
		SolutionGuid = {1B8271FA-221E-4739-B527-3E2E8DC82D48}
	EndGlobalSection
EndGlobal
